
Microsoft Visual Studio Solution File, Format Version 12.00
# Visual Studio Version 16
VisualStudioVersion = 16.0.31729.503
MinimumVisualStudioVersion = 10.0.40219.1
Project("{FAE04EC0-301F-11D3-BF4B-00C04F79EFBC}") = "CryptoTracker.UWP", "CryptoTracker.UWP\CryptoTracker.UWP.csproj", "{93B78FB1-DB8C-4F1B-928B-023B4C808FE8}"
EndProject
Project("{FAE04EC0-301F-11D3-BF4B-00C04F79EFBC}") = "CryptoTracker.Android", "CryptoTracker.Android\CryptoTracker.Android.csproj", "{4DEBECE8-479B-438F-81A6-99EE00A315DB}"
EndProject
Project("{FAE04EC0-301F-11D3-BF4B-00C04F79EFBC}") = "CryptoTracker.iOS", "CryptoTracker.iOS\CryptoTracker.iOS.csproj", "{211ECA95-D717-459B-B9AC-C9687C6646BF}"
EndProject
Project("{9A19103F-16F7-4668-BE54-9A1E7A4F7556}") = "CryptoTracker", "CryptoTracker\CryptoTracker.csproj", "{AF981968-D837-43A9-9F8B-6B0CECC288B9}"
EndProject
Project("{FAE04EC0-301F-11D3-BF4B-00C04F79EFBC}") = "UITest1", "UITest1\UITest1.csproj", "{02901F9E-4C26-4ABB-9538-38732A4D68C5}"
EndProject
Global
	GlobalSection(SolutionConfigurationPlatforms) = preSolution
		Debug|Any CPU = Debug|Any CPU
		Debug|ARM = Debug|ARM
		Debug|iPhone = Debug|iPhone
		Debug|iPhoneSimulator = Debug|iPhoneSimulator
		Debug|x64 = Debug|x64
		Debug|x86 = Debug|x86
		Release|Any CPU = Release|Any CPU
		Release|ARM = Release|ARM
		Release|iPhone = Release|iPhone
		Release|iPhoneSimulator = Release|iPhoneSimulator
		Release|x64 = Release|x64
		Release|x86 = Release|x86
	EndGlobalSection
	GlobalSection(ProjectConfigurationPlatforms) = postSolution
		{93B78FB1-DB8C-4F1B-928B-023B4C808FE8}.Debug|Any CPU.ActiveCfg = Debug|x86
		{93B78FB1-DB8C-4F1B-928B-023B4C808FE8}.Debug|Any CPU.Build.0 = Debug|x86
		{93B78FB1-DB8C-4F1B-928B-023B4C808FE8}.Debug|Any CPU.Deploy.0 = Debug|x86
		{93B78FB1-DB8C-4F1B-928B-023B4C808FE8}.Debug|ARM.ActiveCfg = Debug|ARM
		{93B78FB1-DB8C-4F1B-928B-023B4C808FE8}.Debug|ARM.Build.0 = Debug|ARM
		{93B78FB1-DB8C-4F1B-928B-023B4C808FE8}.Debug|ARM.Deploy.0 = Debug|ARM
		{93B78FB1-DB8C-4F1B-928B-023B4C808FE8}.Debug|iPhone.ActiveCfg = Debug|x86
		{93B78FB1-DB8C-4F1B-928B-023B4C808FE8}.Debug|iPhone.Build.0 = Debug|x86
		{93B78FB1-DB8C-4F1B-928B-023B4C808FE8}.Debug|iPhone.Deploy.0 = Debug|x86
		{93B78FB1-DB8C-4F1B-928B-023B4C808FE8}.Debug|iPhoneSimulator.ActiveCfg = Debug|x86
		{93B78FB1-DB8C-4F1B-928B-023B4C808FE8}.Debug|iPhoneSimulator.Build.0 = Debug|x86
		{93B78FB1-DB8C-4F1B-928B-023B4C808FE8}.Debug|iPhoneSimulator.Deploy.0 = Debug|x86
		{93B78FB1-DB8C-4F1B-928B-023B4C808FE8}.Debug|x64.ActiveCfg = Debug|x64
		{93B78FB1-DB8C-4F1B-928B-023B4C808FE8}.Debug|x64.Build.0 = Debug|x64
		{93B78FB1-DB8C-4F1B-928B-023B4C808FE8}.Debug|x64.Deploy.0 = Debug|x64
		{93B78FB1-DB8C-4F1B-928B-023B4C808FE8}.Debug|x86.ActiveCfg = Debug|x86
		{93B78FB1-DB8C-4F1B-928B-023B4C808FE8}.Debug|x86.Build.0 = Debug|x86
		{93B78FB1-DB8C-4F1B-928B-023B4C808FE8}.Debug|x86.Deploy.0 = Debug|x86
		{93B78FB1-DB8C-4F1B-928B-023B4C808FE8}.Release|Any CPU.ActiveCfg = Release|x86
		{93B78FB1-DB8C-4F1B-928B-023B4C808FE8}.Release|Any CPU.Build.0 = Release|x86
		{93B78FB1-DB8C-4F1B-928B-023B4C808FE8}.Release|Any CPU.Deploy.0 = Release|x86
		{93B78FB1-DB8C-4F1B-928B-023B4C808FE8}.Release|ARM.ActiveCfg = Release|ARM
		{93B78FB1-DB8C-4F1B-928B-023B4C808FE8}.Release|ARM.Build.0 = Release|ARM
		{93B78FB1-DB8C-4F1B-928B-023B4C808FE8}.Release|ARM.Deploy.0 = Release|ARM
		{93B78FB1-DB8C-4F1B-928B-023B4C808FE8}.Release|iPhone.ActiveCfg = Release|x86
		{93B78FB1-DB8C-4F1B-928B-023B4C808FE8}.Release|iPhone.Build.0 = Release|x86
		{93B78FB1-DB8C-4F1B-928B-023B4C808FE8}.Release|iPhone.Deploy.0 = Release|x86
		{93B78FB1-DB8C-4F1B-928B-023B4C808FE8}.Release|iPhoneSimulator.ActiveCfg = Release|x86
		{93B78FB1-DB8C-4F1B-928B-023B4C808FE8}.Release|iPhoneSimulator.Build.0 = Release|x86
		{93B78FB1-DB8C-4F1B-928B-023B4C808FE8}.Release|iPhoneSimulator.Deploy.0 = Release|x86
		{93B78FB1-DB8C-4F1B-928B-023B4C808FE8}.Release|x64.ActiveCfg = Release|x64
		{93B78FB1-DB8C-4F1B-928B-023B4C808FE8}.Release|x64.Build.0 = Release|x64
		{93B78FB1-DB8C-4F1B-928B-023B4C808FE8}.Release|x64.Deploy.0 = Release|x64
		{93B78FB1-DB8C-4F1B-928B-023B4C808FE8}.Release|x86.ActiveCfg = Release|x86
		{93B78FB1-DB8C-4F1B-928B-023B4C808FE8}.Release|x86.Build.0 = Release|x86
		{93B78FB1-DB8C-4F1B-928B-023B4C808FE8}.Release|x86.Deploy.0 = Release|x86
		{4DEBECE8-479B-438F-81A6-99EE00A315DB}.Debug|Any CPU.ActiveCfg = Debug|Any CPU
		{4DEBECE8-479B-438F-81A6-99EE00A315DB}.Debug|Any CPU.Build.0 = Debug|Any CPU
		{4DEBECE8-479B-438F-81A6-99EE00A315DB}.Debug|Any CPU.Deploy.0 = Debug|Any CPU
		{4DEBECE8-479B-438F-81A6-99EE00A315DB}.Debug|ARM.ActiveCfg = Debug|Any CPU
		{4DEBECE8-479B-438F-81A6-99EE00A315DB}.Debug|ARM.Build.0 = Debug|Any CPU
		{4DEBECE8-479B-438F-81A6-99EE00A315DB}.Debug|ARM.Deploy.0 = Debug|Any CPU
		{4DEBECE8-479B-438F-81A6-99EE00A315DB}.Debug|iPhone.ActiveCfg = Debug|Any CPU
		{4DEBECE8-479B-438F-81A6-99EE00A315DB}.Debug|iPhone.Build.0 = Debug|Any CPU
		{4DEBECE8-479B-438F-81A6-99EE00A315DB}.Debug|iPhone.Deploy.0 = Debug|Any CPU
		{4DEBECE8-479B-438F-81A6-99EE00A315DB}.Debug|iPhoneSimulator.ActiveCfg = Debug|Any CPU
		{4DEBECE8-479B-438F-81A6-99EE00A315DB}.Debug|iPhoneSimulator.Build.0 = Debug|Any CPU
		{4DEBECE8-479B-438F-81A6-99EE00A315DB}.Debug|iPhoneSimulator.Deploy.0 = Debug|Any CPU
		{4DEBECE8-479B-438F-81A6-99EE00A315DB}.Debug|x64.ActiveCfg = Debug|Any CPU
		{4DEBECE8-479B-438F-81A6-99EE00A315DB}.Debug|x64.Build.0 = Debug|Any CPU
		{4DEBECE8-479B-438F-81A6-99EE00A315DB}.Debug|x64.Deploy.0 = Debug|Any CPU
		{4DEBECE8-479B-438F-81A6-99EE00A315DB}.Debug|x86.ActiveCfg = Debug|Any CPU
		{4DEBECE8-479B-438F-81A6-99EE00A315DB}.Debug|x86.Build.0 = Debug|Any CPU
		{4DEBECE8-479B-438F-81A6-99EE00A315DB}.Debug|x86.Deploy.0 = Debug|Any CPU
		{4DEBECE8-479B-438F-81A6-99EE00A315DB}.Release|Any CPU.ActiveCfg = Release|Any CPU
		{4DEBECE8-479B-438F-81A6-99EE00A315DB}.Release|Any CPU.Build.0 = Release|Any CPU
		{4DEBECE8-479B-438F-81A6-99EE00A315DB}.Release|Any CPU.Deploy.0 = Release|Any CPU
		{4DEBECE8-479B-438F-81A6-99EE00A315DB}.Release|ARM.ActiveCfg = Release|Any CPU
		{4DEBECE8-479B-438F-81A6-99EE00A315DB}.Release|ARM.Build.0 = Release|Any CPU
		{4DEBECE8-479B-438F-81A6-99EE00A315DB}.Release|ARM.Deploy.0 = Release|Any CPU
		{4DEBECE8-479B-438F-81A6-99EE00A315DB}.Release|iPhone.ActiveCfg = Release|Any CPU
		{4DEBECE8-479B-438F-81A6-99EE00A315DB}.Release|iPhone.Build.0 = Release|Any CPU
		{4DEBECE8-479B-438F-81A6-99EE00A315DB}.Release|iPhone.Deploy.0 = Release|Any CPU
		{4DEBECE8-479B-438F-81A6-99EE00A315DB}.Release|iPhoneSimulator.ActiveCfg = Release|Any CPU
		{4DEBECE8-479B-438F-81A6-99EE00A315DB}.Release|iPhoneSimulator.Build.0 = Release|Any CPU
		{4DEBECE8-479B-438F-81A6-99EE00A315DB}.Release|iPhoneSimulator.Deploy.0 = Release|Any CPU
		{4DEBECE8-479B-438F-81A6-99EE00A315DB}.Release|x64.ActiveCfg = Release|Any CPU
		{4DEBECE8-479B-438F-81A6-99EE00A315DB}.Release|x64.Build.0 = Release|Any CPU
		{4DEBECE8-479B-438F-81A6-99EE00A315DB}.Release|x64.Deploy.0 = Release|Any CPU
		{4DEBECE8-479B-438F-81A6-99EE00A315DB}.Release|x86.ActiveCfg = Release|Any CPU
		{4DEBECE8-479B-438F-81A6-99EE00A315DB}.Release|x86.Build.0 = Release|Any CPU
		{4DEBECE8-479B-438F-81A6-99EE00A315DB}.Release|x86.Deploy.0 = Release|Any CPU
		{211ECA95-D717-459B-B9AC-C9687C6646BF}.Debug|Any CPU.ActiveCfg = Debug|iPhoneSimulator
		{211ECA95-D717-459B-B9AC-C9687C6646BF}.Debug|Any CPU.Build.0 = Debug|iPhoneSimulator
		{211ECA95-D717-459B-B9AC-C9687C6646BF}.Debug|Any CPU.Deploy.0 = Debug|iPhoneSimulator
		{211ECA95-D717-459B-B9AC-C9687C6646BF}.Debug|ARM.ActiveCfg = Debug|iPhone
		{211ECA95-D717-459B-B9AC-C9687C6646BF}.Debug|ARM.Build.0 = Debug|iPhone
		{211ECA95-D717-459B-B9AC-C9687C6646BF}.Debug|ARM.Deploy.0 = Debug|iPhone
		{211ECA95-D717-459B-B9AC-C9687C6646BF}.Debug|iPhone.ActiveCfg = Debug|iPhone
		{211ECA95-D717-459B-B9AC-C9687C6646BF}.Debug|iPhone.Build.0 = Debug|iPhone
		{211ECA95-D717-459B-B9AC-C9687C6646BF}.Debug|iPhone.Deploy.0 = Debug|iPhone
		{211ECA95-D717-459B-B9AC-C9687C6646BF}.Debug|iPhoneSimulator.ActiveCfg = Debug|iPhoneSimulator
		{211ECA95-D717-459B-B9AC-C9687C6646BF}.Debug|iPhoneSimulator.Build.0 = Debug|iPhoneSimulator
		{211ECA95-D717-459B-B9AC-C9687C6646BF}.Debug|iPhoneSimulator.Deploy.0 = Debug|iPhoneSimulator
		{211ECA95-D717-459B-B9AC-C9687C6646BF}.Debug|x64.ActiveCfg = Debug|iPhoneSimulator
		{211ECA95-D717-459B-B9AC-C9687C6646BF}.Debug|x64.Build.0 = Debug|iPhoneSimulator
		{211ECA95-D717-459B-B9AC-C9687C6646BF}.Debug|x64.Deploy.0 = Debug|iPhoneSimulator
		{211ECA95-D717-459B-B9AC-C9687C6646BF}.Debug|x86.ActiveCfg = Debug|iPhoneSimulator
		{211ECA95-D717-459B-B9AC-C9687C6646BF}.Debug|x86.Build.0 = Debug|iPhoneSimulator
		{211ECA95-D717-459B-B9AC-C9687C6646BF}.Debug|x86.Deploy.0 = Debug|iPhoneSimulator
		{211ECA95-D717-459B-B9AC-C9687C6646BF}.Release|Any CPU.ActiveCfg = Release|iPhoneSimulator
		{211ECA95-D717-459B-B9AC-C9687C6646BF}.Release|Any CPU.Build.0 = Release|iPhoneSimulator
		{211ECA95-D717-459B-B9AC-C9687C6646BF}.Release|Any CPU.Deploy.0 = Release|iPhoneSimulator
		{211ECA95-D717-459B-B9AC-C9687C6646BF}.Release|ARM.ActiveCfg = Release|iPhoneSimulator
		{211ECA95-D717-459B-B9AC-C9687C6646BF}.Release|ARM.Build.0 = Release|iPhoneSimulator
		{211ECA95-D717-459B-B9AC-C9687C6646BF}.Release|ARM.Deploy.0 = Release|iPhoneSimulator
		{211ECA95-D717-459B-B9AC-C9687C6646BF}.Release|iPhone.ActiveCfg = Release|iPhone
		{211ECA95-D717-459B-B9AC-C9687C6646BF}.Release|iPhone.Build.0 = Release|iPhone
		{211ECA95-D717-459B-B9AC-C9687C6646BF}.Release|iPhone.Deploy.0 = Release|iPhone
		{211ECA95-D717-459B-B9AC-C9687C6646BF}.Release|iPhoneSimulator.ActiveCfg = Release|iPhoneSimulator
		{211ECA95-D717-459B-B9AC-C9687C6646BF}.Release|iPhoneSimulator.Build.0 = Release|iPhoneSimulator
		{211ECA95-D717-459B-B9AC-C9687C6646BF}.Release|iPhoneSimulator.Deploy.0 = Release|iPhoneSimulator
		{211ECA95-D717-459B-B9AC-C9687C6646BF}.Release|x64.ActiveCfg = Release|iPhoneSimulator
		{211ECA95-D717-459B-B9AC-C9687C6646BF}.Release|x64.Build.0 = Release|iPhoneSimulator
		{211ECA95-D717-459B-B9AC-C9687C6646BF}.Release|x64.Deploy.0 = Release|iPhoneSimulator
		{211ECA95-D717-459B-B9AC-C9687C6646BF}.Release|x86.ActiveCfg = Release|iPhoneSimulator
		{211ECA95-D717-459B-B9AC-C9687C6646BF}.Release|x86.Build.0 = Release|iPhoneSimulator
		{211ECA95-D717-459B-B9AC-C9687C6646BF}.Release|x86.Deploy.0 = Release|iPhoneSimulator
		{AF981968-D837-43A9-9F8B-6B0CECC288B9}.Debug|Any CPU.ActiveCfg = Debug|Any CPU
		{AF981968-D837-43A9-9F8B-6B0CECC288B9}.Debug|Any CPU.Build.0 = Debug|Any CPU
		{AF981968-D837-43A9-9F8B-6B0CECC288B9}.Debug|Any CPU.Deploy.0 = Debug|Any CPU
		{AF981968-D837-43A9-9F8B-6B0CECC288B9}.Debug|ARM.ActiveCfg = Debug|Any CPU
		{AF981968-D837-43A9-9F8B-6B0CECC288B9}.Debug|ARM.Build.0 = Debug|Any CPU
		{AF981968-D837-43A9-9F8B-6B0CECC288B9}.Debug|ARM.Deploy.0 = Debug|Any CPU
		{AF981968-D837-43A9-9F8B-6B0CECC288B9}.Debug|iPhone.ActiveCfg = Debug|Any CPU
		{AF981968-D837-43A9-9F8B-6B0CECC288B9}.Debug|iPhone.Build.0 = Debug|Any CPU
		{AF981968-D837-43A9-9F8B-6B0CECC288B9}.Debug|iPhone.Deploy.0 = Debug|Any CPU
		{AF981968-D837-43A9-9F8B-6B0CECC288B9}.Debug|iPhoneSimulator.ActiveCfg = Debug|Any CPU
		{AF981968-D837-43A9-9F8B-6B0CECC288B9}.Debug|iPhoneSimulator.Build.0 = Debug|Any CPU
		{AF981968-D837-43A9-9F8B-6B0CECC288B9}.Debug|iPhoneSimulator.Deploy.0 = Debug|Any CPU
		{AF981968-D837-43A9-9F8B-6B0CECC288B9}.Debug|x64.ActiveCfg = Debug|Any CPU
		{AF981968-D837-43A9-9F8B-6B0CECC288B9}.Debug|x64.Build.0 = Debug|Any CPU
		{AF981968-D837-43A9-9F8B-6B0CECC288B9}.Debug|x64.Deploy.0 = Debug|Any CPU
		{AF981968-D837-43A9-9F8B-6B0CECC288B9}.Debug|x86.ActiveCfg = Debug|Any CPU
		{AF981968-D837-43A9-9F8B-6B0CECC288B9}.Debug|x86.Build.0 = Debug|Any CPU
		{AF981968-D837-43A9-9F8B-6B0CECC288B9}.Debug|x86.Deploy.0 = Debug|Any CPU
		{AF981968-D837-43A9-9F8B-6B0CECC288B9}.Release|Any CPU.ActiveCfg = Release|Any CPU
		{AF981968-D837-43A9-9F8B-6B0CECC288B9}.Release|Any CPU.Build.0 = Release|Any CPU
		{AF981968-D837-43A9-9F8B-6B0CECC288B9}.Release|Any CPU.Deploy.0 = Release|Any CPU
		{AF981968-D837-43A9-9F8B-6B0CECC288B9}.Release|ARM.ActiveCfg = Release|Any CPU
		{AF981968-D837-43A9-9F8B-6B0CECC288B9}.Release|ARM.Build.0 = Release|Any CPU
		{AF981968-D837-43A9-9F8B-6B0CECC288B9}.Release|ARM.Deploy.0 = Release|Any CPU
		{AF981968-D837-43A9-9F8B-6B0CECC288B9}.Release|iPhone.ActiveCfg = Release|Any CPU
		{AF981968-D837-43A9-9F8B-6B0CECC288B9}.Release|iPhone.Build.0 = Release|Any CPU
		{AF981968-D837-43A9-9F8B-6B0CECC288B9}.Release|iPhone.Deploy.0 = Release|Any CPU
		{AF981968-D837-43A9-9F8B-6B0CECC288B9}.Release|iPhoneSimulator.ActiveCfg = Release|Any CPU
		{AF981968-D837-43A9-9F8B-6B0CECC288B9}.Release|iPhoneSimulator.Build.0 = Release|Any CPU
		{AF981968-D837-43A9-9F8B-6B0CECC288B9}.Release|iPhoneSimulator.Deploy.0 = Release|Any CPU
		{AF981968-D837-43A9-9F8B-6B0CECC288B9}.Release|x64.ActiveCfg = Release|Any CPU
		{AF981968-D837-43A9-9F8B-6B0CECC288B9}.Release|x64.Build.0 = Release|Any CPU
		{AF981968-D837-43A9-9F8B-6B0CECC288B9}.Release|x64.Deploy.0 = Release|Any CPU
		{AF981968-D837-43A9-9F8B-6B0CECC288B9}.Release|x86.ActiveCfg = Release|Any CPU
		{AF981968-D837-43A9-9F8B-6B0CECC288B9}.Release|x86.Build.0 = Release|Any CPU
		{AF981968-D837-43A9-9F8B-6B0CECC288B9}.Release|x86.Deploy.0 = Release|Any CPU
		{02901F9E-4C26-4ABB-9538-38732A4D68C5}.Debug|Any CPU.ActiveCfg = Debug|Any CPU
		{02901F9E-4C26-4ABB-9538-38732A4D68C5}.Debug|Any CPU.Build.0 = Debug|Any CPU
		{02901F9E-4C26-4ABB-9538-38732A4D68C5}.Debug|ARM.ActiveCfg = Debug|Any CPU
		{02901F9E-4C26-4ABB-9538-38732A4D68C5}.Debug|ARM.Build.0 = Debug|Any CPU
		{02901F9E-4C26-4ABB-9538-38732A4D68C5}.Debug|iPhone.ActiveCfg = Debug|Any CPU
		{02901F9E-4C26-4ABB-9538-38732A4D68C5}.Debug|iPhone.Build.0 = Debug|Any CPU
		{02901F9E-4C26-4ABB-9538-38732A4D68C5}.Debug|iPhoneSimulator.ActiveCfg = Debug|Any CPU
		{02901F9E-4C26-4ABB-9538-38732A4D68C5}.Debug|iPhoneSimulator.Build.0 = Debug|Any CPU
		{02901F9E-4C26-4ABB-9538-38732A4D68C5}.Debug|x64.ActiveCfg = Debug|Any CPU
		{02901F9E-4C26-4ABB-9538-38732A4D68C5}.Debug|x64.Build.0 = Debug|Any CPU
		{02901F9E-4C26-4ABB-9538-38732A4D68C5}.Debug|x86.ActiveCfg = Debug|Any CPU
		{02901F9E-4C26-4ABB-9538-38732A4D68C5}.Debug|x86.Build.0 = Debug|Any CPU
		{02901F9E-4C26-4ABB-9538-38732A4D68C5}.Release|Any CPU.ActiveCfg = Release|Any CPU
		{02901F9E-4C26-4ABB-9538-38732A4D68C5}.Release|Any CPU.Build.0 = Release|Any CPU
		{02901F9E-4C26-4ABB-9538-38732A4D68C5}.Release|ARM.ActiveCfg = Release|Any CPU
		{02901F9E-4C26-4ABB-9538-38732A4D68C5}.Release|ARM.Build.0 = Release|Any CPU
		{02901F9E-4C26-4ABB-9538-38732A4D68C5}.Release|iPhone.ActiveCfg = Release|Any CPU
		{02901F9E-4C26-4ABB-9538-38732A4D68C5}.Release|iPhone.Build.0 = Release|Any CPU
		{02901F9E-4C26-4ABB-9538-38732A4D68C5}.Release|iPhoneSimulator.ActiveCfg = Release|Any CPU
		{02901F9E-4C26-4ABB-9538-38732A4D68C5}.Release|iPhoneSimulator.Build.0 = Release|Any CPU
		{02901F9E-4C26-4ABB-9538-38732A4D68C5}.Release|x64.ActiveCfg = Release|Any CPU
		{02901F9E-4C26-4ABB-9538-38732A4D68C5}.Release|x64.Build.0 = Release|Any CPU
		{02901F9E-4C26-4ABB-9538-38732A4D68C5}.Release|x86.ActiveCfg = Release|Any CPU
		{02901F9E-4C26-4ABB-9538-38732A4D68C5}.Release|x86.Build.0 = Release|Any CPU
	EndGlobalSection
	GlobalSection(SolutionProperties) = preSolution
		HideSolutionNode = FALSE
	EndGlobalSection
	GlobalSection(ExtensibilityGlobals) = postSolution
		SolutionGuid = {6875EE9C-6F03-4BE7-B921-BEE802174D5C}
	EndGlobalSection
EndGlobal
